
Microsoft Visual Studio Solution File, Format Version 12.00
Project("{FAE04EC0-301F-11D3-BF4B-00C04F79EFBC}") = "Compiler", "Compiler\Compiler.csproj", "{880FB477-DFF0-4DC0-B357-8266FA8E31D5}"
EndProject
Global
	GlobalSection(SolutionConfigurationPlatforms) = preSolution
		Debug|Any CPU = Debug|Any CPU
		Release|Any CPU = Release|Any CPU
	EndGlobalSection
	GlobalSection(ProjectConfigurationPlatforms) = postSolution
		{880FB477-DFF0-4DC0-B357-8266FA8E31D5}.Debug|Any CPU.ActiveCfg = Debug|Any CPU
		{880FB477-DFF0-4DC0-B357-8266FA8E31D5}.Debug|Any CPU.Build.0 = Debug|Any CPU
		{880FB477-DFF0-4DC0-B357-8266FA8E31D5}.Release|Any CPU.ActiveCfg = Release|Any CPU
		{880FB477-DFF0-4DC0-B357-8266FA8E31D5}.Release|Any CPU.Build.0 = Release|Any CPU
	EndGlobalSection
EndGlobal
